{
  "name": "capstone-facial-paralysis-server",
  "version": "1.0.0",
  "lockfileVersion": 3,
  "requires": true,
  "packages": {
    "": {
      "name": "capstone-facial-paralysis-server",
      "version": "1.0.0",
      "license": "UNLICENSED",
      "dependencies": {
        "@firebase/app": "^0.9.28",
        "@firebase/auth": "^1.6.1"
      }
    },
    "node_modules/@firebase/app": {
      "version": "0.9.28",
      "resolved": "https://registry.npmjs.org/@firebase/app/-/app-0.9.28.tgz",
      "integrity": "sha512-MS0+EtNixrwJbVDs5Bt/lhUhzeWGUtUoP6X+zYZck5GAZwI5g4F91noVA9oIXlFlpn6Q1xIbiaHA2GwGk7/7Ag==",
      "dependencies": {
        "@firebase/component": "0.6.5",
        "@firebase/logger": "0.4.0",
        "@firebase/util": "1.9.4",
        "idb": "7.1.1",
        "tslib": "^2.1.0"
      }
    },
    "node_modules/@firebase/auth": {
      "version": "1.6.1",
      "resolved": "https://registry.npmjs.org/@firebase/auth/-/auth-1.6.1.tgz",
      "integrity": "sha512-oOuQVOxtxKr+kTTqEkkI2qXIeGbkNLpA8FzO030LF4KXmMcETqsPaIqw7Aw1Y4Zl82l1qpZtpc4vN4Da2qZdfQ==",
      "dependencies": {
        "@firebase/component": "0.6.5",
        "@firebase/logger": "0.4.0",
        "@firebase/util": "1.9.4",
        "tslib": "^2.1.0",
        "undici": "5.28.3"
      },
      "peerDependencies": {
        "@firebase/app": "0.x",
        "@react-native-async-storage/async-storage": "^1.18.1"
      },
      "peerDependenciesMeta": {
        "@react-native-async-storage/async-storage": {
          "optional": true
        }
      }
    },
    "node_modules/@firebase/component": {
      "version": "0.6.5",
      "resolved": "https://registry.npmjs.org/@firebase/component/-/component-0.6.5.tgz",
      "integrity": "sha512-2tVDk1ixi12sbDmmfITK8lxSjmcb73BMF6Qwc3U44hN/J1Fi1QY/Hnnb6klFlbB9/G16a3J3d4nXykye2EADTw==",
      "dependencies": {
        "@firebase/util": "1.9.4",
        "tslib": "^2.1.0"
      }
    },
    "node_modules/@firebase/logger": {
      "version": "0.4.0",
      "resolved": "https://registry.npmjs.org/@firebase/logger/-/logger-0.4.0.tgz",
      "integrity": "sha512-eRKSeykumZ5+cJPdxxJRgAC3G5NknY2GwEbKfymdnXtnT0Ucm4pspfR6GT4MUQEDuJwRVbVcSx85kgJulMoFFA==",
      "dependencies": {
        "tslib": "^2.1.0"
      }
    },
    "node_modules/@firebase/util": {
      "version": "1.9.4",
      "resolved": "https://registry.npmjs.org/@firebase/util/-/util-1.9.4.tgz",
      "integrity": "sha512-WLonYmS1FGHT97TsUmRN3qnTh5TeeoJp1Gg5fithzuAgdZOUtsYECfy7/noQ3llaguios8r5BuXSEiK82+UrxQ==",
      "dependencies": {
        "tslib": "^2.1.0"
      }
    },
    "node_modules/idb": {
      "version": "7.1.1",
      "resolved": "https://registry.npmjs.org/idb/-/idb-7.1.1.tgz",
      "integrity": "sha512-gchesWBzyvGHRO9W8tzUWFDycow5gwjvFKfyV9FF32Y7F50yZMp7mP+T2mJIWFx49zicqyC4uefHM17o6xKIVQ=="
    },
    "node_modules/tslib": {
      "version": "2.6.2",
      "resolved": "https://registry.npmjs.org/tslib/-/tslib-2.6.2.tgz",
      "integrity": "sha512-AEYxH93jGFPn/a2iVAwW87VuUIkR1FVUKB77NwMF7nBTDkDrrT/Hpt/IrCJ0QXhW27jTBDcf5ZY7w6RiqTMw2Q=="
    },
    "node_modules/undici": {
      "version": "5.28.3",
      "resolved": "https://registry.npmjs.org/undici/-/undici-5.28.3.tgz",
      "integrity": "sha512-3ItfzbrhDlINjaP0duwnNsKpDQk3acHI3gVJ1z4fmwMK31k5G9OVIAMLSIaP6w4FaGkaAkN6zaQO9LUvZ1t7VA==",
      "dependencies": {
        "@fastify/busboy": "^2.0.0"
      },
      "engines": {
        "node": ">=14.0"
      }
    },
    "node_modules/undici/node_modules/@fastify/busboy": {
      "version": "2.1.1",
      "resolved": "https://registry.npmjs.org/@fastify/busboy/-/busboy-2.1.1.tgz",
      "integrity": "sha512-vBZP4NlzfOlerQTnba4aqZoMhE/a9HY7HRqoOPaETQcSQuWEIyZMHGfVu6w9wGtGK5fED5qRs2DteVCjOH60sA==",
      "engines": {
        "node": ">=14"
      }
    }
  }
}
